{
  "name": "astar-typescript",
  "version": "1.0.0",
  "lockfileVersion": 1,
  "requires": true,
  "dependencies": {
    "@types/dat.gui": {
      "version": "0.7.2",
      "resolved": "https://registry.npmjs.org/@types/dat.gui/-/dat.gui-0.7.2.tgz",
      "integrity": "sha512-ULAH7opLNk6jRq1/3pqYCeyVRS2hvbenzGNkWLS/ITjf+kaAZR09KBKvTG7y22sW/XQbalBSNTlTHU+cSMJJqg==",
      "dev": true
    },
    "lodash": {
      "version": "4.17.14"
    }
  }
}
